
Microsoft Visual Studio Solution File, Format Version 12.00
# Visual Studio Version 16
VisualStudioVersion = 16.0.31005.135
MinimumVisualStudioVersion = 10.0.40219.1
Project("{FAE04EC0-301F-11D3-BF4B-00C04F79EFBC}") = "NetCore4Admin", "NetCore4Admin.csproj", "{B91A8253-FD7D-4118-9196-AC684C19A561}"
EndProject
Global
	GlobalSection(SolutionConfigurationPlatforms) = preSolution
		Debug|Any CPU = Debug|Any CPU
		Release|Any CPU = Release|Any CPU
	EndGlobalSection
	GlobalSection(ProjectConfigurationPlatforms) = postSolution
		{B91A8253-FD7D-4118-9196-AC684C19A561}.Debug|Any CPU.ActiveCfg = Debug|Any CPU
		{B91A8253-FD7D-4118-9196-AC684C19A561}.Debug|Any CPU.Build.0 = Debug|Any CPU
		{B91A8253-FD7D-4118-9196-AC684C19A561}.Release|Any CPU.ActiveCfg = Release|Any CPU
		{B91A8253-FD7D-4118-9196-AC684C19A561}.Release|Any CPU.Build.0 = Release|Any CPU
	EndGlobalSection
	GlobalSection(SolutionProperties) = preSolution
		HideSolutionNode = FALSE
	EndGlobalSection
	GlobalSection(ExtensibilityGlobals) = postSolution
		SolutionGuid = {55B6C76C-67F4-4318-B7F8-1C3D8D1B82D7}
	EndGlobalSection
EndGlobal
